// !$*UTF8*$!
{
	archiveVersion = 1;
	classes = {
	};
	objectVersion = 77;
	objects = {

/* Begin PBXBuildFile section */
		39B898D12CBD51CD00883125 /* XCTest.framework in Frameworks */ = {isa = PBXBuildFile; fileRef = 39B898BD2CBD47DF00883125 /* XCTest.framework */; platformFilter = ios; };
/* End PBXBuildFile section */

/* Begin PBXContainerItemProxy section */
		39B898DC2CBD521400883125 /* PBXContainerItemProxy */ = {
			isa = PBXContainerItemProxy;
			containerPortal = 39D59CB32CB527F500A69E2C /* Project object */;
			proxyType = 1;
			remoteGlobalIDString = 39D59CBA2CB527F500A69E2C;
			remoteInfo = Cafeyn_screen;
		};
		39D59CCC2CB527F700A69E2C /* PBXContainerItemProxy */ = {
			isa = PBXContainerItemProxy;
			containerPortal = 39D59CB32CB527F500A69E2C /* Project object */;
			proxyType = 1;
			remoteGlobalIDString = 39D59CBA2CB527F500A69E2C;
			remoteInfo = Cafeyn_screen;
		};
		39D59CD62CB527F700A69E2C /* PBXContainerItemProxy */ = {
			isa = PBXContainerItemProxy;
			containerPortal = 39D59CB32CB527F500A69E2C /* Project object */;
			proxyType = 1;
			remoteGlobalIDString = 39D59CBA2CB527F500A69E2C;
			remoteInfo = Cafeyn_screen;
		};
/* End PBXContainerItemProxy section */

/* Begin PBXFileReference section */
		39B898BD2CBD47DF00883125 /* XCTest.framework */ = {isa = PBXFileReference; lastKnownFileType = wrapper.framework; name = XCTest.framework; path = Platforms/iPhoneOS.platform/Developer/Library/Frameworks/XCTest.framework; sourceTree = DEVELOPER_DIR; };
		39B898CB2CBD4E0000883125 /* Cafeyn_screen.xctestplan */ = {isa = PBXFileReference; lastKnownFileType = text; path = Cafeyn_screen.xctestplan; sourceTree = "<group>"; };
		39B898D82CBD521400883125 /* Cafeyn_screenTestsFinal.xctest */ = {isa = PBXFileReference; explicitFileType = wrapper.cfbundle; includeInIndex = 0; path = Cafeyn_screenTestsFinal.xctest; sourceTree = BUILT_PRODUCTS_DIR; };
		39D59CBB2CB527F500A69E2C /* Cafeyn_screen.app */ = {isa = PBXFileReference; explicitFileType = wrapper.application; includeInIndex = 0; path = Cafeyn_screen.app; sourceTree = BUILT_PRODUCTS_DIR; };
		39D59CCB2CB527F700A69E2C /* Cafeyn_screenTests.xctest */ = {isa = PBXFileReference; explicitFileType = wrapper.cfbundle; includeInIndex = 0; path = Cafeyn_screenTests.xctest; sourceTree = BUILT_PRODUCTS_DIR; };
		39D59CD52CB527F700A69E2C /* Cafeyn_screenUITests.xctest */ = {isa = PBXFileReference; explicitFileType = wrapper.cfbundle; includeInIndex = 0; path = Cafeyn_screenUITests.xctest; sourceTree = BUILT_PRODUCTS_DIR; };
/* End PBXFileReference section */

/* Begin PBXFileSystemSynchronizedBuildFileExceptionSet section */
		39B898C12CBD48AF00883125 /* Exceptions for "Cafeyn_screen" folder in "Cafeyn_screenTests" target */ = {
			isa = PBXFileSystemSynchronizedBuildFileExceptionSet;
			membershipExceptions = (
				CategoriesRepository.swift,
				CatgoriesModel.swift,
				HTTPmanager.swift,
				InterestsRepository.swift,
				Logger.swift,
			);
			target = 39D59CCA2CB527F700A69E2C /* Cafeyn_screenTests */;
		};
		39B898E22CBD522D00883125 /* Exceptions for "Cafeyn_screenTests" folder in "Cafeyn_screenTests" target */ = {
			isa = PBXFileSystemSynchronizedBuildFileExceptionSet;
			membershipExceptions = (
				CategoriesRepositoryTests.swift,
				InterestsRepositoryTests.swift,
				MockHTTPManager.swift,
			);
			target = 39D59CCA2CB527F700A69E2C /* Cafeyn_screenTests */;
		};
		39B898E32CBD522D00883125 /* Exceptions for "Cafeyn_screenTests" folder in "Cafeyn_screenTestsFinal" target */ = {
			isa = PBXFileSystemSynchronizedBuildFileExceptionSet;
			membershipExceptions = (
				CategoriesRepositoryTests.swift,
				InterestsRepositoryTests.swift,
				MockHTTPManager.swift,
			);
			target = 39B898D72CBD521400883125 /* Cafeyn_screenTestsFinal */;
		};
/* End PBXFileSystemSynchronizedBuildFileExceptionSet section */

/* Begin PBXFileSystemSynchronizedRootGroup section */
		39B898D92CBD521400883125 /* Cafeyn_screenTests */ = {
			isa = PBXFileSystemSynchronizedRootGroup;
			exceptions = (
				39B898E22CBD522D00883125 /* Exceptions for "Cafeyn_screenTests" folder in "Cafeyn_screenTests" target */,
				39B898E32CBD522D00883125 /* Exceptions for "Cafeyn_screenTests" folder in "Cafeyn_screenTestsFinal" target */,
			);
			path = Cafeyn_screenTests;
			sourceTree = "<group>";
		};
		39D59CBD2CB527F500A69E2C /* Cafeyn_screen */ = {
			isa = PBXFileSystemSynchronizedRootGroup;
			exceptions = (
				39B898C12CBD48AF00883125 /* Exceptions for "Cafeyn_screen" folder in "Cafeyn_screenTests" target */,
			);
			path = Cafeyn_screen;
			sourceTree = "<group>";
		};
		39D59CD82CB527F700A69E2C /* Cafeyn_screenUITests */ = {
			isa = PBXFileSystemSynchronizedRootGroup;
			path = Cafeyn_screenUITests;
			sourceTree = "<group>";
		};
/* End PBXFileSystemSynchronizedRootGroup section */

/* Begin PBXFrameworksBuildPhase section */
		39B898D52CBD521400883125 /* Frameworks */ = {
			isa = PBXFrameworksBuildPhase;
			buildActionMask = 2147483647;
			files = (
			);
			runOnlyForDeploymentPostprocessing = 0;
		};
		39D59CB82CB527F500A69E2C /* Frameworks */ = {
			isa = PBXFrameworksBuildPhase;
			buildActionMask = 2147483647;
			files = (
			);
			runOnlyForDeploymentPostprocessing = 0;
		};
		39D59CC82CB527F700A69E2C /* Frameworks */ = {
			isa = PBXFrameworksBuildPhase;
			buildActionMask = 2147483647;
			files = (
				39B898D12CBD51CD00883125 /* XCTest.framework in Frameworks */,
			);
			runOnlyForDeploymentPostprocessing = 0;
		};
		39D59CD22CB527F700A69E2C /* Frameworks */ = {
			isa = PBXFrameworksBuildPhase;
			buildActionMask = 2147483647;
			files = (
			);
			runOnlyForDeploymentPostprocessing = 0;
		};
/* End PBXFrameworksBuildPhase section */

/* Begin PBXGroup section */
		39B898BC2CBD47DF00883125 /* Frameworks */ = {
			isa = PBXGroup;
			children = (
				39B898BD2CBD47DF00883125 /* XCTest.framework */,
			);
			name = Frameworks;
			sourceTree = "<group>";
		};
		39D59CB22CB527F500A69E2C = {
			isa = PBXGroup;
			children = (
				39B898CB2CBD4E0000883125 /* Cafeyn_screen.xctestplan */,
				39D59CBD2CB527F500A69E2C /* Cafeyn_screen */,
				39D59CD82CB527F700A69E2C /* Cafeyn_screenUITests */,
				39B898D92CBD521400883125 /* Cafeyn_screenTests */,
				39B898BC2CBD47DF00883125 /* Frameworks */,
				39D59CBC2CB527F500A69E2C /* Products */,
			);
			sourceTree = "<group>";
		};
		39D59CBC2CB527F500A69E2C /* Products */ = {
			isa = PBXGroup;
			children = (
				39D59CBB2CB527F500A69E2C /* Cafeyn_screen.app */,
				39D59CCB2CB527F700A69E2C /* Cafeyn_screenTests.xctest */,
				39D59CD52CB527F700A69E2C /* Cafeyn_screenUITests.xctest */,
				39B898D82CBD521400883125 /* Cafeyn_screenTestsFinal.xctest */,
			);
			name = Products;
			sourceTree = "<group>";
		};
/* End PBXGroup section */

/* Begin PBXNativeTarget section */
		39B898D72CBD521400883125 /* Cafeyn_screenTestsFinal */ = {
			isa = PBXNativeTarget;
			buildConfigurationList = 39B898DE2CBD521400883125 /* Build configuration list for PBXNativeTarget "Cafeyn_screenTestsFinal" */;
			buildPhases = (
				39B898D42CBD521400883125 /* Sources */,
				39B898D52CBD521400883125 /* Frameworks */,
				39B898D62CBD521400883125 /* Resources */,
			);
			buildRules = (
			);
			dependencies = (
				39B898DD2CBD521400883125 /* PBXTargetDependency */,
			);
			fileSystemSynchronizedGroups = (
				39B898D92CBD521400883125 /* Cafeyn_screenTests */,
			);
			name = Cafeyn_screenTestsFinal;
			packageProductDependencies = (
			);
			productName = Cafeyn_screenTestsFinal;
			productReference = 39B898D82CBD521400883125 /* Cafeyn_screenTestsFinal.xctest */;
			productType = "com.apple.product-type.bundle.unit-test";
		};
		39D59CBA2CB527F500A69E2C /* Cafeyn_screen */ = {
			isa = PBXNativeTarget;
			buildConfigurationList = 39D59CDF2CB527F700A69E2C /* Build configuration list for PBXNativeTarget "Cafeyn_screen" */;
			buildPhases = (
				39D59CB72CB527F500A69E2C /* Sources */,
				39D59CB82CB527F500A69E2C /* Frameworks */,
				39D59CB92CB527F500A69E2C /* Resources */,
			);
			buildRules = (
			);
			dependencies = (
			);
			fileSystemSynchronizedGroups = (
				39D59CBD2CB527F500A69E2C /* Cafeyn_screen */,
			);
			name = Cafeyn_screen;
			packageProductDependencies = (
			);
			productName = Cafeyn_screen;
			productReference = 39D59CBB2CB527F500A69E2C /* Cafeyn_screen.app */;
			productType = "com.apple.product-type.application";
		};
		39D59CCA2CB527F700A69E2C /* Cafeyn_screenTests */ = {
			isa = PBXNativeTarget;
			buildConfigurationList = 39D59CE22CB527F700A69E2C /* Build configuration list for PBXNativeTarget "Cafeyn_screenTests" */;
			buildPhases = (
				39D59CC72CB527F700A69E2C /* Sources */,
				39D59CC82CB527F700A69E2C /* Frameworks */,
				39D59CC92CB527F700A69E2C /* Resources */,
			);
			buildRules = (
			);
			dependencies = (
				39D59CCD2CB527F700A69E2C /* PBXTargetDependency */,
			);
			name = Cafeyn_screenTests;
			packageProductDependencies = (
			);
			productName = Cafeyn_screenTests;
			productReference = 39D59CCB2CB527F700A69E2C /* Cafeyn_screenTests.xctest */;
			productType = "com.apple.product-type.bundle.unit-test";
		};
		39D59CD42CB527F700A69E2C /* Cafeyn_screenUITests */ = {
			isa = PBXNativeTarget;
			buildConfigurationList = 39D59CE52CB527F700A69E2C /* Build configuration list for PBXNativeTarget "Cafeyn_screenUITests" */;
			buildPhases = (
				39D59CD12CB527F700A69E2C /* Sources */,
				39D59CD22CB527F700A69E2C /* Frameworks */,
				39D59CD32CB527F700A69E2C /* Resources */,
			);
			buildRules = (
			);
			dependencies = (
				39D59CD72CB527F700A69E2C /* PBXTargetDependency */,
			);
			fileSystemSynchronizedGroups = (
				39D59CD82CB527F700A69E2C /* Cafeyn_screenUITests */,
			);
			name = Cafeyn_screenUITests;
			packageProductDependencies = (
			);
			productName = Cafeyn_screenUITests;
			productReference = 39D59CD52CB527F700A69E2C /* Cafeyn_screenUITests.xctest */;
			productType = "com.apple.product-type.bundle.ui-testing";
		};
/* End PBXNativeTarget section */

/* Begin PBXProject section */
		39D59CB32CB527F500A69E2C /* Project object */ = {
			isa = PBXProject;
			attributes = {
				BuildIndependentTargetsInParallel = 1;
				LastSwiftUpdateCheck = 1600;
				LastUpgradeCheck = 1600;
				TargetAttributes = {
					39B898D72CBD521400883125 = {
						CreatedOnToolsVersion = 16.0;
						TestTargetID = 39D59CBA2CB527F500A69E2C;
					};
					39D59CBA2CB527F500A69E2C = {
						CreatedOnToolsVersion = 16.0;
					};
					39D59CCA2CB527F700A69E2C = {
						CreatedOnToolsVersion = 16.0;
						TestTargetID = 39D59CBA2CB527F500A69E2C;
					};
					39D59CD42CB527F700A69E2C = {
						CreatedOnToolsVersion = 16.0;
						TestTargetID = 39D59CBA2CB527F500A69E2C;
					};
				};
			};
			buildConfigurationList = 39D59CB62CB527F500A69E2C /* Build configuration list for PBXProject "Cafeyn_screen" */;
			developmentRegion = fr;
			hasScannedForEncodings = 0;
			knownRegions = (
				en,
				Base,
				fr,
			);
			mainGroup = 39D59CB22CB527F500A69E2C;
			minimizedProjectReferenceProxies = 1;
			preferredProjectObjectVersion = 77;
			productRefGroup = 39D59CBC2CB527F500A69E2C /* Products */;
			projectDirPath = "";
			projectRoot = "";
			targets = (
				39D59CBA2CB527F500A69E2C /* Cafeyn_screen */,
				39D59CCA2CB527F700A69E2C /* Cafeyn_screenTests */,
				39D59CD42CB527F700A69E2C /* Cafeyn_screenUITests */,
				39B898D72CBD521400883125 /* Cafeyn_screenTestsFinal */,
			);
		};
/* End PBXProject section */

/* Begin PBXResourcesBuildPhase section */
		39B898D62CBD521400883125 /* Resources */ = {
			isa = PBXResourcesBuildPhase;
			buildActionMask = 2147483647;
			files = (
			);
			runOnlyForDeploymentPostprocessing = 0;
		};
		39D59CB92CB527F500A69E2C /* Resources */ = {
			isa = PBXResourcesBuildPhase;
			buildActionMask = 2147483647;
			files = (
			);
			runOnlyForDeploymentPostprocessing = 0;
		};
		39D59CC92CB527F700A69E2C /* Resources */ = {
			isa = PBXResourcesBuildPhase;
			buildActionMask = 2147483647;
			files = (
			);
			runOnlyForDeploymentPostprocessing = 0;
		};
		39D59CD32CB527F700A69E2C /* Resources */ = {
			isa = PBXResourcesBuildPhase;
			buildActionMask = 2147483647;
			files = (
			);
			runOnlyForDeploymentPostprocessing = 0;
		};
/* End PBXResourcesBuildPhase section */

/* Begin PBXSourcesBuildPhase section */
		39B898D42CBD521400883125 /* Sources */ = {
			isa = PBXSourcesBuildPhase;
			buildActionMask = 2147483647;
			files = (
			);
			runOnlyForDeploymentPostprocessing = 0;
		};
		39D59CB72CB527F500A69E2C /* Sources */ = {
			isa = PBXSourcesBuildPhase;
			buildActionMask = 2147483647;
			files = (
			);
			runOnlyForDeploymentPostprocessing = 0;
		};
		39D59CC72CB527F700A69E2C /* Sources */ = {
			isa = PBXSourcesBuildPhase;
			buildActionMask = 2147483647;
			files = (
			);
			runOnlyForDeploymentPostprocessing = 0;
		};
		39D59CD12CB527F700A69E2C /* Sources */ = {
			isa = PBXSourcesBuildPhase;
			buildActionMask = 2147483647;
			files = (
			);
			runOnlyForDeploymentPostprocessing = 0;
		};
/* End PBXSourcesBuildPhase section */

/* Begin PBXTargetDependency section */
		39B898DD2CBD521400883125 /* PBXTargetDependency */ = {
			isa = PBXTargetDependency;
			target = 39D59CBA2CB527F500A69E2C /* Cafeyn_screen */;
			targetProxy = 39B898DC2CBD521400883125 /* PBXContainerItemProxy */;
		};
		39D59CCD2CB527F700A69E2C /* PBXTargetDependency */ = {
			isa = PBXTargetDependency;
			target = 39D59CBA2CB527F500A69E2C /* Cafeyn_screen */;
			targetProxy = 39D59CCC2CB527F700A69E2C /* PBXContainerItemProxy */;
		};
		39D59CD72CB527F700A69E2C /* PBXTargetDependency */ = {
			isa = PBXTargetDependency;
			target = 39D59CBA2CB527F500A69E2C /* Cafeyn_screen */;
			targetProxy = 39D59CD62CB527F700A69E2C /* PBXContainerItemProxy */;
		};
/* End PBXTargetDependency section */

/* Begin XCBuildConfiguration section */
		39B898DF2CBD521400883125 /* Debug */ = {
			isa = XCBuildConfiguration;
			buildSettings = {
				BUNDLE_LOADER = "$(TEST_HOST)";
				CODE_SIGN_STYLE = Automatic;
				CURRENT_PROJECT_VERSION = 1;
				DEVELOPMENT_TEAM = 97Y9LAC48L;
				GENERATE_INFOPLIST_FILE = YES;
				MARKETING_VERSION = 1.0;
				PRODUCT_BUNDLE_IDENTIFIER = "com.antoniol.standup.Cafeyn-screenTestsFinal";
				PRODUCT_NAME = "$(TARGET_NAME)";
				SWIFT_EMIT_LOC_STRINGS = NO;
				SWIFT_VERSION = 5.0;
				TARGETED_DEVICE_FAMILY = "1,2";
				TEST_HOST = "$(BUILT_PRODUCTS_DIR)/Cafeyn_screen.app/$(BUNDLE_EXECUTABLE_FOLDER_PATH)/Cafeyn_screen";
			};
			name = Debug;
		};
		39B898E02CBD521400883125 /* Release */ = {
			isa = XCBuildConfiguration;
			buildSettings = {
				BUNDLE_LOADER = "$(TEST_HOST)";
				CODE_SIGN_STYLE = Automatic;
				CURRENT_PROJECT_VERSION = 1;
				DEVELOPMENT_TEAM = 97Y9LAC48L;
				GENERATE_INFOPLIST_FILE = YES;
				MARKETING_VERSION = 1.0;
				PRODUCT_BUNDLE_IDENTIFIER = "com.antoniol.standup.Cafeyn-screenTestsFinal";
				PRODUCT_NAME = "$(TARGET_NAME)";
				SWIFT_EMIT_LOC_STRINGS = NO;
				SWIFT_VERSION = 5.0;
				TARGETED_DEVICE_FAMILY = "1,2";
				TEST_HOST = "$(BUILT_PRODUCTS_DIR)/Cafeyn_screen.app/$(BUNDLE_EXECUTABLE_FOLDER_PATH)/Cafeyn_screen";
			};
			name = Release;
		};
		39D59CDD2CB527F700A69E2C /* Debug */ = {
			isa = XCBuildConfiguration;
			buildSettings = {
				ALWAYS_SEARCH_USER_PATHS = NO;
				ASSETCATALOG_COMPILER_GENERATE_SWIFT_ASSET_SYMBOL_EXTENSIONS = YES;
				CLANG_ANALYZER_NONNULL = YES;
				CLANG_ANALYZER_NUMBER_OBJECT_CONVERSION = YES_AGGRESSIVE;
				CLANG_CXX_LANGUAGE_STANDARD = "gnu++20";
				CLANG_ENABLE_MODULES = YES;
				CLANG_ENABLE_OBJC_ARC = YES;
				CLANG_ENABLE_OBJC_WEAK = YES;
				CLANG_WARN_BLOCK_CAPTURE_AUTORELEASING = YES;
				CLANG_WARN_BOOL_CONVERSION = YES;
				CLANG_WARN_COMMA = YES;
				CLANG_WARN_CONSTANT_CONVERSION = YES;
				CLANG_WARN_DEPRECATED_OBJC_IMPLEMENTATIONS = YES;
				CLANG_WARN_DIRECT_OBJC_ISA_USAGE = YES_ERROR;
				CLANG_WARN_DOCUMENTATION_COMMENTS = YES;
				CLANG_WARN_EMPTY_BODY = YES;
				CLANG_WARN_ENUM_CONVERSION = YES;
				CLANG_WARN_INFINITE_RECURSION = YES;
				CLANG_WARN_INT_CONVERSION = YES;
				CLANG_WARN_NON_LITERAL_NULL_CONVERSION = YES;
				CLANG_WARN_OBJC_IMPLICIT_RETAIN_SELF = YES;
				CLANG_WARN_OBJC_LITERAL_CONVERSION = YES;
				CLANG_WARN_OBJC_ROOT_CLASS = YES_ERROR;
				CLANG_WARN_QUOTED_INCLUDE_IN_FRAMEWORK_HEADER = YES;
				CLANG_WARN_RANGE_LOOP_ANALYSIS = YES;
				CLANG_WARN_STRICT_PROTOTYPES = YES;
				CLANG_WARN_SUSPICIOUS_MOVE = YES;
				CLANG_WARN_UNGUARDED_AVAILABILITY = YES_AGGRESSIVE;
				CLANG_WARN_UNREACHABLE_CODE = YES;
				CLANG_WARN__DUPLICATE_METHOD_MATCH = YES;
				COPY_PHASE_STRIP = NO;
				DEBUG_INFORMATION_FORMAT = dwarf;
				ENABLE_STRICT_OBJC_MSGSEND = YES;
				ENABLE_TESTABILITY = YES;
				ENABLE_USER_SCRIPT_SANDBOXING = YES;
				GCC_C_LANGUAGE_STANDARD = gnu17;
				GCC_DYNAMIC_NO_PIC = NO;
				GCC_NO_COMMON_BLOCKS = YES;
				GCC_OPTIMIZATION_LEVEL = 0;
				GCC_PREPROCESSOR_DEFINITIONS = (
					"DEBUG=1",
					"$(inherited)",
				);
				GCC_WARN_64_TO_32_BIT_CONVERSION = YES;
				GCC_WARN_ABOUT_RETURN_TYPE = YES_ERROR;
				GCC_WARN_UNDECLARED_SELECTOR = YES;
				GCC_WARN_UNINITIALIZED_AUTOS = YES_AGGRESSIVE;
				GCC_WARN_UNUSED_FUNCTION = YES;
				GCC_WARN_UNUSED_VARIABLE = YES;
				IPHONEOS_DEPLOYMENT_TARGET = 18.0;
				LOCALIZATION_PREFERS_STRING_CATALOGS = YES;
				MTL_ENABLE_DEBUG_INFO = INCLUDE_SOURCE;
				MTL_FAST_MATH = YES;
				ONLY_ACTIVE_ARCH = YES;
				SDKROOT = iphoneos;
				SWIFT_ACTIVE_COMPILATION_CONDITIONS = "DEBUG $(inherited)";
				SWIFT_EMIT_LOC_STRINGS = YES;
				SWIFT_OPTIMIZATION_LEVEL = "-Onone";
			};
			name = Debug;
		};
		39D59CDE2CB527F700A69E2C /* Release */ = {
			isa = XCBuildConfiguration;
			buildSettings = {
				ALWAYS_SEARCH_USER_PATHS = NO;
				ASSETCATALOG_COMPILER_GENERATE_SWIFT_ASSET_SYMBOL_EXTENSIONS = YES;
				CLANG_ANALYZER_NONNULL = YES;
				CLANG_ANALYZER_NUMBER_OBJECT_CONVERSION = YES_AGGRESSIVE;
				CLANG_CXX_LANGUAGE_STANDARD = "gnu++20";
				CLANG_ENABLE_MODULES = YES;
				CLANG_ENABLE_OBJC_ARC = YES;
				CLANG_ENABLE_OBJC_WEAK = YES;
				CLANG_WARN_BLOCK_CAPTURE_AUTORELEASING = YES;
				CLANG_WARN_BOOL_CONVERSION = YES;
				CLANG_WARN_COMMA = YES;
				CLANG_WARN_CONSTANT_CONVERSION = YES;
				CLANG_WARN_DEPRECATED_OBJC_IMPLEMENTATIONS = YES;
				CLANG_WARN_DIRECT_OBJC_ISA_USAGE = YES_ERROR;
				CLANG_WARN_DOCUMENTATION_COMMENTS = YES;
				CLANG_WARN_EMPTY_BODY = YES;
				CLANG_WARN_ENUM_CONVERSION = YES;
				CLANG_WARN_INFINITE_RECURSION = YES;
				CLANG_WARN_INT_CONVERSION = YES;
				CLANG_WARN_NON_LITERAL_NULL_CONVERSION = YES;
				CLANG_WARN_OBJC_IMPLICIT_RETAIN_SELF = YES;
				CLANG_WARN_OBJC_LITERAL_CONVERSION = YES;
				CLANG_WARN_OBJC_ROOT_CLASS = YES_ERROR;
				CLANG_WARN_QUOTED_INCLUDE_IN_FRAMEWORK_HEADER = YES;
				CLANG_WARN_RANGE_LOOP_ANALYSIS = YES;
				CLANG_WARN_STRICT_PROTOTYPES = YES;
				CLANG_WARN_SUSPICIOUS_MOVE = YES;
				CLANG_WARN_UNGUARDED_AVAILABILITY = YES_AGGRESSIVE;
				CLANG_WARN_UNREACHABLE_CODE = YES;
				CLANG_WARN__DUPLICATE_METHOD_MATCH = YES;
				COPY_PHASE_STRIP = NO;
				DEBUG_INFORMATION_FORMAT = "dwarf-with-dsym";
				ENABLE_NS_ASSERTIONS = NO;
				ENABLE_STRICT_OBJC_MSGSEND = YES;
				ENABLE_USER_SCRIPT_SANDBOXING = YES;
				GCC_C_LANGUAGE_STANDARD = gnu17;
				GCC_NO_COMMON_BLOCKS = YES;
				GCC_WARN_64_TO_32_BIT_CONVERSION = YES;
				GCC_WARN_ABOUT_RETURN_TYPE = YES_ERROR;
				GCC_WARN_UNDECLARED_SELECTOR = YES;
				GCC_WARN_UNINITIALIZED_AUTOS = YES_AGGRESSIVE;
				GCC_WARN_UNUSED_FUNCTION = YES;
				GCC_WARN_UNUSED_VARIABLE = YES;
				IPHONEOS_DEPLOYMENT_TARGET = 18.0;
				LOCALIZATION_PREFERS_STRING_CATALOGS = YES;
				MTL_ENABLE_DEBUG_INFO = NO;
				MTL_FAST_MATH = YES;
				SDKROOT = iphoneos;
				SWIFT_COMPILATION_MODE = wholemodule;
				SWIFT_EMIT_LOC_STRINGS = YES;
				VALIDATE_PRODUCT = YES;
			};
			name = Release;
		};
		39D59CE02CB527F700A69E2C /* Debug */ = {
			isa = XCBuildConfiguration;
			buildSettings = {
				ASSETCATALOG_COMPILER_APPICON_NAME = AppIcon;
				ASSETCATALOG_COMPILER_GLOBAL_ACCENT_COLOR_NAME = AccentColor;
				CODE_SIGN_STYLE = Automatic;
				CURRENT_PROJECT_VERSION = 1;
				DEVELOPMENT_ASSET_PATHS = "\"Cafeyn_screen/Preview Content\"";
				DEVELOPMENT_TEAM = 97Y9LAC48L;
				ENABLE_PREVIEWS = YES;
				GENERATE_INFOPLIST_FILE = YES;
				INFOPLIST_FILE = "Cafeyn-screen-Info.plist";
				INFOPLIST_KEY_UIApplicationSceneManifest_Generation = YES;
				INFOPLIST_KEY_UIApplicationSupportsIndirectInputEvents = YES;
				INFOPLIST_KEY_UILaunchScreen_Generation = YES;
				INFOPLIST_KEY_UILaunchStoryboardName = "Launch Screen.storyboard";
				INFOPLIST_KEY_UISupportedInterfaceOrientations_iPad = "UIInterfaceOrientationPortrait UIInterfaceOrientationPortraitUpsideDown UIInterfaceOrientationLandscapeLeft UIInterfaceOrientationLandscapeRight";
				INFOPLIST_KEY_UISupportedInterfaceOrientations_iPhone = "UIInterfaceOrientationPortrait UIInterfaceOrientationLandscapeLeft UIInterfaceOrientationLandscapeRight";
				LD_RUNPATH_SEARCH_PATHS = (
					"$(inherited)",
					"@executable_path/Frameworks",
				);
				MARKETING_VERSION = 1.0;
				PRODUCT_BUNDLE_IDENTIFIER = "com.antoniol.standup.Cafeyn-screen";
				PRODUCT_NAME = "$(TARGET_NAME)";
				SWIFT_EMIT_LOC_STRINGS = YES;
				SWIFT_VERSION = 5.0;
				TARGETED_DEVICE_FAMILY = "1,2";
			};
			name = Debug;
		};
		39D59CE12CB527F700A69E2C /* Release */ = {
			isa = XCBuildConfiguration;
			buildSettings = {
				ASSETCATALOG_COMPILER_APPICON_NAME = AppIcon;
				ASSETCATALOG_COMPILER_GLOBAL_ACCENT_COLOR_NAME = AccentColor;
				CODE_SIGN_STYLE = Automatic;
				CURRENT_PROJECT_VERSION = 1;
				DEVELOPMENT_ASSET_PATHS = "\"Cafeyn_screen/Preview Content\"";
				DEVELOPMENT_TEAM = 97Y9LAC48L;
				ENABLE_PREVIEWS = YES;
				GENERATE_INFOPLIST_FILE = YES;
				INFOPLIST_FILE = "Cafeyn-screen-Info.plist";
				INFOPLIST_KEY_UIApplicationSceneManifest_Generation = YES;
				INFOPLIST_KEY_UIApplicationSupportsIndirectInputEvents = YES;
				INFOPLIST_KEY_UILaunchScreen_Generation = YES;
				INFOPLIST_KEY_UILaunchStoryboardName = "Launch Screen.storyboard";
				INFOPLIST_KEY_UISupportedInterfaceOrientations_iPad = "UIInterfaceOrientationPortrait UIInterfaceOrientationPortraitUpsideDown UIInterfaceOrientationLandscapeLeft UIInterfaceOrientationLandscapeRight";
				INFOPLIST_KEY_UISupportedInterfaceOrientations_iPhone = "UIInterfaceOrientationPortrait UIInterfaceOrientationLandscapeLeft UIInterfaceOrientationLandscapeRight";
				LD_RUNPATH_SEARCH_PATHS = (
					"$(inherited)",
					"@executable_path/Frameworks",
				);
				MARKETING_VERSION = 1.0;
				PRODUCT_BUNDLE_IDENTIFIER = "com.antoniol.standup.Cafeyn-screen";
				PRODUCT_NAME = "$(TARGET_NAME)";
				SWIFT_EMIT_LOC_STRINGS = YES;
				SWIFT_VERSION = 5.0;
				TARGETED_DEVICE_FAMILY = "1,2";
			};
			name = Release;
		};
		39D59CE32CB527F700A69E2C /* Debug */ = {
			isa = XCBuildConfiguration;
			buildSettings = {
				BUNDLE_LOADER = "$(TEST_HOST)";
				CODE_SIGN_STYLE = Automatic;
				CURRENT_PROJECT_VERSION = 1;
				DEVELOPMENT_TEAM = 97Y9LAC48L;
				GENERATE_INFOPLIST_FILE = YES;
				IPHONEOS_DEPLOYMENT_TARGET = 18.0;
				MARKETING_VERSION = 1.0;
				PRODUCT_BUNDLE_IDENTIFIER = "com.antoniol.standup.Cafeyn-screenTests";
				PRODUCT_NAME = "$(TARGET_NAME)";
				SWIFT_EMIT_LOC_STRINGS = NO;
				SWIFT_VERSION = 5.0;
				TARGETED_DEVICE_FAMILY = "1,2";
				TEST_HOST = "$(BUILT_PRODUCTS_DIR)/Cafeyn_screen.app/$(BUNDLE_EXECUTABLE_FOLDER_PATH)/Cafeyn_screen";
			};
			name = Debug;
		};
		39D59CE42CB527F700A69E2C /* Release */ = {
			isa = XCBuildConfiguration;
			buildSettings = {
				BUNDLE_LOADER = "$(TEST_HOST)";
				CODE_SIGN_STYLE = Automatic;
				CURRENT_PROJECT_VERSION = 1;
				DEVELOPMENT_TEAM = 97Y9LAC48L;
				GENERATE_INFOPLIST_FILE = YES;
				IPHONEOS_DEPLOYMENT_TARGET = 18.0;
				MARKETING_VERSION = 1.0;
				PRODUCT_BUNDLE_IDENTIFIER = "com.antoniol.standup.Cafeyn-screenTests";
				PRODUCT_NAME = "$(TARGET_NAME)";
				SWIFT_EMIT_LOC_STRINGS = NO;
				SWIFT_VERSION = 5.0;
				TARGETED_DEVICE_FAMILY = "1,2";
				TEST_HOST = "$(BUILT_PRODUCTS_DIR)/Cafeyn_screen.app/$(BUNDLE_EXECUTABLE_FOLDER_PATH)/Cafeyn_screen";
			};
			name = Release;
		};
		39D59CE62CB527F700A69E2C /* Debug */ = {
			isa = XCBuildConfiguration;
			buildSettings = {
				CODE_SIGN_STYLE = Automatic;
				CURRENT_PROJECT_VERSION = 1;
				DEVELOPMENT_TEAM = 97Y9LAC48L;
				GENERATE_INFOPLIST_FILE = YES;
				MARKETING_VERSION = 1.0;
				PRODUCT_BUNDLE_IDENTIFIER = "com.antoniol.standup.Cafeyn-screenUITests";
				PRODUCT_NAME = "$(TARGET_NAME)";
				SWIFT_EMIT_LOC_STRINGS = NO;
				SWIFT_VERSION = 5.0;
				TARGETED_DEVICE_FAMILY = "1,2";
				TEST_TARGET_NAME = Cafeyn_screen;
			};
			name = Debug;
		};
		39D59CE72CB527F700A69E2C /* Release */ = {
			isa = XCBuildConfiguration;
			buildSettings = {
				CODE_SIGN_STYLE = Automatic;
				CURRENT_PROJECT_VERSION = 1;
				DEVELOPMENT_TEAM = 97Y9LAC48L;
				GENERATE_INFOPLIST_FILE = YES;
				MARKETING_VERSION = 1.0;
				PRODUCT_BUNDLE_IDENTIFIER = "com.antoniol.standup.Cafeyn-screenUITests";
				PRODUCT_NAME = "$(TARGET_NAME)";
				SWIFT_EMIT_LOC_STRINGS = NO;
				SWIFT_VERSION = 5.0;
				TARGETED_DEVICE_FAMILY = "1,2";
				TEST_TARGET_NAME = Cafeyn_screen;
			};
			name = Release;
		};
/* End XCBuildConfiguration section */

/* Begin XCConfigurationList section */
		39B898DE2CBD521400883125 /* Build configuration list for PBXNativeTarget "Cafeyn_screenTestsFinal" */ = {
			isa = XCConfigurationList;
			buildConfigurations = (
				39B898DF2CBD521400883125 /* Debug */,
				39B898E02CBD521400883125 /* Release */,
			);
			defaultConfigurationIsVisible = 0;
			defaultConfigurationName = Release;
		};
		39D59CB62CB527F500A69E2C /* Build configuration list for PBXProject "Cafeyn_screen" */ = {
			isa = XCConfigurationList;
			buildConfigurations = (
				39D59CDD2CB527F700A69E2C /* Debug */,
				39D59CDE2CB527F700A69E2C /* Release */,
			);
			defaultConfigurationIsVisible = 0;
			defaultConfigurationName = Release;
		};
		39D59CDF2CB527F700A69E2C /* Build configuration list for PBXNativeTarget "Cafeyn_screen" */ = {
			isa = XCConfigurationList;
			buildConfigurations = (
				39D59CE02CB527F700A69E2C /* Debug */,
				39D59CE12CB527F700A69E2C /* Release */,
			);
			defaultConfigurationIsVisible = 0;
			defaultConfigurationName = Release;
		};
		39D59CE22CB527F700A69E2C /* Build configuration list for PBXNativeTarget "Cafeyn_screenTests" */ = {
			isa = XCConfigurationList;
			buildConfigurations = (
				39D59CE32CB527F700A69E2C /* Debug */,
				39D59CE42CB527F700A69E2C /* Release */,
			);
			defaultConfigurationIsVisible = 0;
			defaultConfigurationName = Release;
		};
		39D59CE52CB527F700A69E2C /* Build configuration list for PBXNativeTarget "Cafeyn_screenUITests" */ = {
			isa = XCConfigurationList;
			buildConfigurations = (
				39D59CE62CB527F700A69E2C /* Debug */,
				39D59CE72CB527F700A69E2C /* Release */,
			);
			defaultConfigurationIsVisible = 0;
			defaultConfigurationName = Release;
		};
/* End XCConfigurationList section */
	};
	rootObject = 39D59CB32CB527F500A69E2C /* Project object */;
}
